[{<<"cowboy">>,
  {git,"git://github.com/extend/cowboy.git",
       {ref,"d08c2ab39d38c181abda279d5c2cadfac33a50c1"}},
  0},
 {<<"cowlib">>,
  {git,"https://github.com/ninenines/cowlib.git",
       {ref,"d544a494af4dbc810fc9c15eaf5cc050cced1501"}},
  1},
 {<<"jiffy">>,
  {git,"git://github.com/davisp/jiffy.git",
       {ref,"6303ff98aaa3fce625038c8b7af2aa8b802f4742"}},
  0},
 {<<"node_package">>,
  {git,"git://github.com/dergraf/node_package.git",
       {ref,"483943a2941f284d7bafa6765570e023118bf451"}},
  0},
 {<<"ranch">>,
  {git,"https://github.com/ninenines/ranch.git",
       {ref,"adf1822defc2b7cfdc7aca112adabfa1d614043c"}},
  1},
 {<<"uuid">>,
  {git,"git://github.com/travis/erlang-uuid.git",
       {ref,"f6a1cf9027e4af78b4a81201f4f6db1a822b8316"}},
  0}].
